
Microsoft Visual Studio Solution File, Format Version 12.00
# Visual Studio Version 17
VisualStudioVersion = 17.0.31903.59
MinimumVisualStudioVersion = 10.0.40219.1
Project("{FAE04EC0-301F-11D3-BF4B-00C04F79EFBC}") = "Metascraper.Core", "Metascraper.Core\Metascraper.Core.csproj", "{890023F2-ED6C-4D6A-84AF-478BD81A1523}"
EndProject
Project("{FAE04EC0-301F-11D3-BF4B-00C04F79EFBC}") = "Metascraper.Console", "Metascraper.Console\Metascraper.Console.csproj", "{45735A96-D943-40DC-BBDF-5288FC0B3CEB}"
EndProject
Global
	GlobalSection(SolutionConfigurationPlatforms) = preSolution
		Debug|Any CPU = Debug|Any CPU
		Release|Any CPU = Release|Any CPU
	EndGlobalSection
	GlobalSection(SolutionProperties) = preSolution
		HideSolutionNode = FALSE
	EndGlobalSection
	GlobalSection(ProjectConfigurationPlatforms) = postSolution
		{890023F2-ED6C-4D6A-84AF-478BD81A1523}.Debug|Any CPU.ActiveCfg = Debug|Any CPU
		{890023F2-ED6C-4D6A-84AF-478BD81A1523}.Debug|Any CPU.Build.0 = Debug|Any CPU
		{890023F2-ED6C-4D6A-84AF-478BD81A1523}.Release|Any CPU.ActiveCfg = Release|Any CPU
		{890023F2-ED6C-4D6A-84AF-478BD81A1523}.Release|Any CPU.Build.0 = Release|Any CPU
		{45735A96-D943-40DC-BBDF-5288FC0B3CEB}.Debug|Any CPU.ActiveCfg = Debug|Any CPU
		{45735A96-D943-40DC-BBDF-5288FC0B3CEB}.Debug|Any CPU.Build.0 = Debug|Any CPU
		{45735A96-D943-40DC-BBDF-5288FC0B3CEB}.Release|Any CPU.ActiveCfg = Release|Any CPU
		{45735A96-D943-40DC-BBDF-5288FC0B3CEB}.Release|Any CPU.Build.0 = Release|Any CPU
	EndGlobalSection
EndGlobal
